
Microsoft Visual Studio Solution File, Format Version 12.00
Project("{FAE04EC0-301F-11D3-BF4B-00C04F79EFBC}") = "Race", "Race\Race.csproj", "{CC92C539-A744-4EB8-BF62-408E31927E02}"
EndProject
Project("{FAE04EC0-301F-11D3-BF4B-00C04F79EFBC}") = "Race.Test", "Race.Test\Race.Test.csproj", "{E83E79B1-B9C2-44D2-B215-B75035DFCEDE}"
EndProject
Project("{2150E333-8FDC-42A3-9474-1A3956D46DE8}") = "Race", "Race", "{B833CEB0-8E10-4726-8109-2668DEF6167D}"
ProjectSection(SolutionItems) = preProject
	race.md = race.md
EndProjectSection
EndProject
Project("{FAE04EC0-301F-11D3-BF4B-00C04F79EFBC}") = "BackupLaboratory.Core", "BackupLaboratory.Core\BackupLaboratory.Core.csproj", "{4371D6FA-B054-455A-AC6C-DFBB0D32FD59}"
EndProject
Project("{FAE04EC0-301F-11D3-BF4B-00C04F79EFBC}") = "BackupLaboratory.Tests", "BackupLaboratory.Tests\BackupLaboratory.Tests.csproj", "{2D7F2C64-68FB-4788-A461-791AEB7E8A11}"
EndProject
Project("{2150E333-8FDC-42A3-9474-1A3956D46DE8}") = "Backup", "Backup", "{1101C33A-B131-4249-B46A-16B1565A0757}"
ProjectSection(SolutionItems) = preProject
	backup.md = backup.md
EndProjectSection
EndProject
Global
	GlobalSection(SolutionConfigurationPlatforms) = preSolution
		Debug|Any CPU = Debug|Any CPU
		Release|Any CPU = Release|Any CPU
	EndGlobalSection
	GlobalSection(ProjectConfigurationPlatforms) = postSolution
		{CC92C539-A744-4EB8-BF62-408E31927E02}.Debug|Any CPU.ActiveCfg = Debug|Any CPU
		{CC92C539-A744-4EB8-BF62-408E31927E02}.Debug|Any CPU.Build.0 = Debug|Any CPU
		{CC92C539-A744-4EB8-BF62-408E31927E02}.Release|Any CPU.ActiveCfg = Release|Any CPU
		{CC92C539-A744-4EB8-BF62-408E31927E02}.Release|Any CPU.Build.0 = Release|Any CPU
		{E83E79B1-B9C2-44D2-B215-B75035DFCEDE}.Debug|Any CPU.ActiveCfg = Debug|Any CPU
		{E83E79B1-B9C2-44D2-B215-B75035DFCEDE}.Debug|Any CPU.Build.0 = Debug|Any CPU
		{E83E79B1-B9C2-44D2-B215-B75035DFCEDE}.Release|Any CPU.ActiveCfg = Release|Any CPU
		{E83E79B1-B9C2-44D2-B215-B75035DFCEDE}.Release|Any CPU.Build.0 = Release|Any CPU
		{4371D6FA-B054-455A-AC6C-DFBB0D32FD59}.Debug|Any CPU.ActiveCfg = Debug|Any CPU
		{4371D6FA-B054-455A-AC6C-DFBB0D32FD59}.Debug|Any CPU.Build.0 = Debug|Any CPU
		{4371D6FA-B054-455A-AC6C-DFBB0D32FD59}.Release|Any CPU.ActiveCfg = Release|Any CPU
		{4371D6FA-B054-455A-AC6C-DFBB0D32FD59}.Release|Any CPU.Build.0 = Release|Any CPU
		{2D7F2C64-68FB-4788-A461-791AEB7E8A11}.Debug|Any CPU.ActiveCfg = Debug|Any CPU
		{2D7F2C64-68FB-4788-A461-791AEB7E8A11}.Debug|Any CPU.Build.0 = Debug|Any CPU
		{2D7F2C64-68FB-4788-A461-791AEB7E8A11}.Release|Any CPU.ActiveCfg = Release|Any CPU
		{2D7F2C64-68FB-4788-A461-791AEB7E8A11}.Release|Any CPU.Build.0 = Release|Any CPU
	EndGlobalSection
	GlobalSection(NestedProjects) = preSolution
		{CC92C539-A744-4EB8-BF62-408E31927E02} = {B833CEB0-8E10-4726-8109-2668DEF6167D}
		{E83E79B1-B9C2-44D2-B215-B75035DFCEDE} = {B833CEB0-8E10-4726-8109-2668DEF6167D}
		{4371D6FA-B054-455A-AC6C-DFBB0D32FD59} = {1101C33A-B131-4249-B46A-16B1565A0757}
		{2D7F2C64-68FB-4788-A461-791AEB7E8A11} = {1101C33A-B131-4249-B46A-16B1565A0757}
	EndGlobalSection
EndGlobal
